
Microsoft Visual Studio Solution File, Format Version 12.00
# Visual Studio Version 17
VisualStudioVersion = 17.3.32811.315
MinimumVisualStudioVersion = 10.0.40219.1
Project("{FAE04EC0-301F-11D3-BF4B-00C04F79EFBC}") = "StudentTest", "StudentTest\StudentTest.csproj", "{8C34F6E5-27C5-4C5C-B25C-A396FC008492}"
EndProject
Project("{FAE04EC0-301F-11D3-BF4B-00C04F79EFBC}") = "EntityLayer", "EntityLayer\EntityLayer.csproj", "{A67CC944-1647-46F1-8293-66A320837BA6}"
EndProject
Project("{FAE04EC0-301F-11D3-BF4B-00C04F79EFBC}") = "DataAccessLayer", "DataAccessLayer\DataAccessLayer.csproj", "{769105BB-3928-4D19-9830-07A29C3ECFB7}"
EndProject
Project("{FAE04EC0-301F-11D3-BF4B-00C04F79EFBC}") = "BusinessLogicLayer", "BusinessLogicLayer\BusinessLogicLayer.csproj", "{CECDF61A-10B2-45C8-BA3A-B32643D23065}"
EndProject
Global
	GlobalSection(SolutionConfigurationPlatforms) = preSolution
		Debug|Any CPU = Debug|Any CPU
		Release|Any CPU = Release|Any CPU
	EndGlobalSection
	GlobalSection(ProjectConfigurationPlatforms) = postSolution
		{8C34F6E5-27C5-4C5C-B25C-A396FC008492}.Debug|Any CPU.ActiveCfg = Debug|Any CPU
		{8C34F6E5-27C5-4C5C-B25C-A396FC008492}.Debug|Any CPU.Build.0 = Debug|Any CPU
		{8C34F6E5-27C5-4C5C-B25C-A396FC008492}.Release|Any CPU.ActiveCfg = Release|Any CPU
		{8C34F6E5-27C5-4C5C-B25C-A396FC008492}.Release|Any CPU.Build.0 = Release|Any CPU
		{A67CC944-1647-46F1-8293-66A320837BA6}.Debug|Any CPU.ActiveCfg = Debug|Any CPU
		{A67CC944-1647-46F1-8293-66A320837BA6}.Debug|Any CPU.Build.0 = Debug|Any CPU
		{A67CC944-1647-46F1-8293-66A320837BA6}.Release|Any CPU.ActiveCfg = Release|Any CPU
		{A67CC944-1647-46F1-8293-66A320837BA6}.Release|Any CPU.Build.0 = Release|Any CPU
		{769105BB-3928-4D19-9830-07A29C3ECFB7}.Debug|Any CPU.ActiveCfg = Debug|Any CPU
		{769105BB-3928-4D19-9830-07A29C3ECFB7}.Debug|Any CPU.Build.0 = Debug|Any CPU
		{769105BB-3928-4D19-9830-07A29C3ECFB7}.Release|Any CPU.ActiveCfg = Release|Any CPU
		{769105BB-3928-4D19-9830-07A29C3ECFB7}.Release|Any CPU.Build.0 = Release|Any CPU
		{CECDF61A-10B2-45C8-BA3A-B32643D23065}.Debug|Any CPU.ActiveCfg = Debug|Any CPU
		{CECDF61A-10B2-45C8-BA3A-B32643D23065}.Debug|Any CPU.Build.0 = Debug|Any CPU
		{CECDF61A-10B2-45C8-BA3A-B32643D23065}.Release|Any CPU.ActiveCfg = Release|Any CPU
		{CECDF61A-10B2-45C8-BA3A-B32643D23065}.Release|Any CPU.Build.0 = Release|Any CPU
	EndGlobalSection
	GlobalSection(SolutionProperties) = preSolution
		HideSolutionNode = FALSE
	EndGlobalSection
	GlobalSection(ExtensibilityGlobals) = postSolution
		SolutionGuid = {CB991FC1-346D-4709-9D09-EEECD67DE3C1}
	EndGlobalSection
EndGlobal
