
Microsoft Visual Studio Solution File, Format Version 12.00
# Visual Studio Version 17
VisualStudioVersion = 17.3.32811.315
MinimumVisualStudioVersion = 10.0.40219.1
Project("{FAE04EC0-301F-11D3-BF4B-00C04F79EFBC}") = "MiniBookTest", "MiniBookTest\MiniBookTest.csproj", "{68AA1086-81E1-4D19-A216-02A0631D47FF}"
EndProject
Global
	GlobalSection(SolutionConfigurationPlatforms) = preSolution
		Debug|Any CPU = Debug|Any CPU
		Release|Any CPU = Release|Any CPU
	EndGlobalSection
	GlobalSection(ProjectConfigurationPlatforms) = postSolution
		{68AA1086-81E1-4D19-A216-02A0631D47FF}.Debug|Any CPU.ActiveCfg = Debug|Any CPU
		{68AA1086-81E1-4D19-A216-02A0631D47FF}.Debug|Any CPU.Build.0 = Debug|Any CPU
		{68AA1086-81E1-4D19-A216-02A0631D47FF}.Release|Any CPU.ActiveCfg = Release|Any CPU
		{68AA1086-81E1-4D19-A216-02A0631D47FF}.Release|Any CPU.Build.0 = Release|Any CPU
	EndGlobalSection
	GlobalSection(SolutionProperties) = preSolution
		HideSolutionNode = FALSE
	EndGlobalSection
	GlobalSection(ExtensibilityGlobals) = postSolution
		SolutionGuid = {789A3461-6F53-4408-9367-F9C0D27AA9A7}
	EndGlobalSection
EndGlobal
